// !$*UTF8*$!
{
	archiveVersion = 1;
	classes = {
	};
	objectVersion = 46;
	objects = {

/* Begin PBXBuildFile section */
		056C7661F27F42048E832AB1 /* libPods-fluidTests.a in Frameworks */ = {isa = PBXBuildFile; fileRef = 0CBB24C597AE4E34A6BD7C8A /* libPods-fluidTests.a */; };
		CC0689C119D60C1D00941A50 /* firstSpec.m in Sources */ = {isa = PBXBuildFile; fileRef = CC0689C019D60C1D00941A50 /* firstSpec.m */; };
		CCAB4FF319E6BC6200E58172 /* Calculator.swift in Sources */ = {isa = PBXBuildFile; fileRef = CCAB4FF219E6BC6200E58172 /* Calculator.swift */; };
		CCDAAB2719D6083600B1DD54 /* main.m in Sources */ = {isa = PBXBuildFile; fileRef = CCDAAB2619D6083600B1DD54 /* main.m */; };
		CCDAAB2A19D6083600B1DD54 /* AppDelegate.m in Sources */ = {isa = PBXBuildFile; fileRef = CCDAAB2919D6083600B1DD54 /* AppDelegate.m */; };
		CCDAAB2D19D6083600B1DD54 /* ViewController.m in Sources */ = {isa = PBXBuildFile; fileRef = CCDAAB2C19D6083600B1DD54 /* ViewController.m */; };
		CCDAAB3019D6083600B1DD54 /* Main.storyboard in Resources */ = {isa = PBXBuildFile; fileRef = CCDAAB2E19D6083600B1DD54 /* Main.storyboard */; };
		CCDAAB3219D6083600B1DD54 /* Images.xcassets in Resources */ = {isa = PBXBuildFile; fileRef = CCDAAB3119D6083600B1DD54 /* Images.xcassets */; };
		CCDAAB3519D6083600B1DD54 /* LaunchScreen.xib in Resources */ = {isa = PBXBuildFile; fileRef = CCDAAB3319D6083600B1DD54 /* LaunchScreen.xib */; };
/* End PBXBuildFile section */

/* Begin PBXContainerItemProxy section */
		CCDAAB3B19D6083600B1DD54 /* PBXContainerItemProxy */ = {
			isa = PBXContainerItemProxy;
			containerPortal = CCDAAB1919D6083600B1DD54 /* Project object */;
			proxyType = 1;
			remoteGlobalIDString = CCDAAB2019D6083600B1DD54;
			remoteInfo = fluid;
		};
/* End PBXContainerItemProxy section */

/* Begin PBXFileReference section */
		0CBB24C597AE4E34A6BD7C8A /* libPods-fluidTests.a */ = {isa = PBXFileReference; explicitFileType = archive.ar; includeInIndex = 0; path = "libPods-fluidTests.a"; sourceTree = BUILT_PRODUCTS_DIR; };
		394965FC331443B788366D4E /* Pods-fluidTests.xcconfig */ = {isa = PBXFileReference; includeInIndex = 1; lastKnownFileType = text.xcconfig; name = "Pods-fluidTests.xcconfig"; path = "Pods/Pods-fluidTests.xcconfig"; sourceTree = "<group>"; };
		CC0689C019D60C1D00941A50 /* firstSpec.m */ = {isa = PBXFileReference; fileEncoding = 4; lastKnownFileType = sourcecode.c.objc; path = firstSpec.m; sourceTree = "<group>"; };
		CCAB4FF019E4D1E000E58172 /* MyPlayground.playground */ = {isa = PBXFileReference; lastKnownFileType = file.playground; path = MyPlayground.playground; sourceTree = "<group>"; };
		CCAB4FF119E6BC6100E58172 /* fluid-Bridging-Header.h */ = {isa = PBXFileReference; lastKnownFileType = sourcecode.c.h; path = "fluid-Bridging-Header.h"; sourceTree = "<group>"; };
		CCAB4FF219E6BC6200E58172 /* Calculator.swift */ = {isa = PBXFileReference; fileEncoding = 4; lastKnownFileType = sourcecode.swift; path = Calculator.swift; sourceTree = "<group>"; };
		CCDAAB2119D6083600B1DD54 /* fluid.app */ = {isa = PBXFileReference; explicitFileType = wrapper.application; includeInIndex = 0; path = fluid.app; sourceTree = BUILT_PRODUCTS_DIR; };
		CCDAAB2519D6083600B1DD54 /* Info.plist */ = {isa = PBXFileReference; lastKnownFileType = text.plist.xml; path = Info.plist; sourceTree = "<group>"; };
		CCDAAB2619D6083600B1DD54 /* main.m */ = {isa = PBXFileReference; lastKnownFileType = sourcecode.c.objc; path = main.m; sourceTree = "<group>"; };
		CCDAAB2819D6083600B1DD54 /* AppDelegate.h */ = {isa = PBXFileReference; lastKnownFileType = sourcecode.c.h; path = AppDelegate.h; sourceTree = "<group>"; };
		CCDAAB2919D6083600B1DD54 /* AppDelegate.m */ = {isa = PBXFileReference; lastKnownFileType = sourcecode.c.objc; path = AppDelegate.m; sourceTree = "<group>"; };
		CCDAAB2B19D6083600B1DD54 /* ViewController.h */ = {isa = PBXFileReference; lastKnownFileType = sourcecode.c.h; path = ViewController.h; sourceTree = "<group>"; };
		CCDAAB2C19D6083600B1DD54 /* ViewController.m */ = {isa = PBXFileReference; lastKnownFileType = sourcecode.c.objc; path = ViewController.m; sourceTree = "<group>"; };
		CCDAAB2F19D6083600B1DD54 /* Base */ = {isa = PBXFileReference; lastKnownFileType = file.storyboard; name = Base; path = Base.lproj/Main.storyboard; sourceTree = "<group>"; };
		CCDAAB3119D6083600B1DD54 /* Images.xcassets */ = {isa = PBXFileReference; lastKnownFileType = folder.assetcatalog; path = Images.xcassets; sourceTree = "<group>"; };
		CCDAAB3419D6083600B1DD54 /* Base */ = {isa = PBXFileReference; lastKnownFileType = file.xib; name = Base; path = Base.lproj/LaunchScreen.xib; sourceTree = "<group>"; };
		CCDAAB3A19D6083600B1DD54 /* fluidTests.xctest */ = {isa = PBXFileReference; explicitFileType = wrapper.cfbundle; includeInIndex = 0; path = fluidTests.xctest; sourceTree = BUILT_PRODUCTS_DIR; };
		CCDAAB3F19D6083600B1DD54 /* Info.plist */ = {isa = PBXFileReference; lastKnownFileType = text.plist.xml; path = Info.plist; sourceTree = "<group>"; };
/* End PBXFileReference section */

/* Begin PBXFrameworksBuildPhase section */
		CCDAAB1E19D6083600B1DD54 /* Frameworks */ = {
			isa = PBXFrameworksBuildPhase;
			buildActionMask = 2147483647;
			files = (
			);
			runOnlyForDeploymentPostprocessing = 0;
		};
		CCDAAB3719D6083600B1DD54 /* Frameworks */ = {
			isa = PBXFrameworksBuildPhase;
			buildActionMask = 2147483647;
			files = (
				056C7661F27F42048E832AB1 /* libPods-fluidTests.a in Frameworks */,
			);
			runOnlyForDeploymentPostprocessing = 0;
		};
/* End PBXFrameworksBuildPhase section */

/* Begin PBXGroup section */
		3B50FC03485640AA81C01AD9 /* Frameworks */ = {
			isa = PBXGroup;
			children = (
				0CBB24C597AE4E34A6BD7C8A /* libPods-fluidTests.a */,
			);
			name = Frameworks;
			sourceTree = "<group>";
		};
		CCDAAB1819D6083600B1DD54 = {
			isa = PBXGroup;
			children = (
				CCDAAB2319D6083600B1DD54 /* fluid */,
				CCDAAB3D19D6083600B1DD54 /* fluidTests */,
				CCDAAB2219D6083600B1DD54 /* Products */,
				394965FC331443B788366D4E /* Pods-fluidTests.xcconfig */,
				3B50FC03485640AA81C01AD9 /* Frameworks */,
			);
			sourceTree = "<group>";
		};
		CCDAAB2219D6083600B1DD54 /* Products */ = {
			isa = PBXGroup;
			children = (
				CCDAAB2119D6083600B1DD54 /* fluid.app */,
				CCDAAB3A19D6083600B1DD54 /* fluidTests.xctest */,
			);
			name = Products;
			sourceTree = "<group>";
		};
		CCDAAB2319D6083600B1DD54 /* fluid */ = {
			isa = PBXGroup;
			children = (
				CCDAAB2819D6083600B1DD54 /* AppDelegate.h */,
				CCDAAB2919D6083600B1DD54 /* AppDelegate.m */,
				CCDAAB2B19D6083600B1DD54 /* ViewController.h */,
				CCDAAB2C19D6083600B1DD54 /* ViewController.m */,
				CCDAAB2E19D6083600B1DD54 /* Main.storyboard */,
				CCDAAB3119D6083600B1DD54 /* Images.xcassets */,
				CCDAAB3319D6083600B1DD54 /* LaunchScreen.xib */,
				CCDAAB2419D6083600B1DD54 /* Supporting Files */,
				CCAB4FF019E4D1E000E58172 /* MyPlayground.playground */,
				CCAB4FF219E6BC6200E58172 /* Calculator.swift */,
				CCAB4FF119E6BC6100E58172 /* fluid-Bridging-Header.h */,
			);
			path = fluid;
			sourceTree = "<group>";
		};
		CCDAAB2419D6083600B1DD54 /* Supporting Files */ = {
			isa = PBXGroup;
			children = (
				CCDAAB2519D6083600B1DD54 /* Info.plist */,
				CCDAAB2619D6083600B1DD54 /* main.m */,
			);
			name = "Supporting Files";
			sourceTree = "<group>";
		};
		CCDAAB3D19D6083600B1DD54 /* fluidTests */ = {
			isa = PBXGroup;
			children = (
				CCDAAB3E19D6083600B1DD54 /* Supporting Files */,
				CC0689C019D60C1D00941A50 /* firstSpec.m */,
			);
			path = fluidTests;
			sourceTree = "<group>";
		};
		CCDAAB3E19D6083600B1DD54 /* Supporting Files */ = {
			isa = PBXGroup;
			children = (
				CCDAAB3F19D6083600B1DD54 /* Info.plist */,
			);
			name = "Supporting Files";
			sourceTree = "<group>";
		};
/* End PBXGroup section */

/* Begin PBXNativeTarget section */
		CCDAAB2019D6083600B1DD54 /* fluid */ = {
			isa = PBXNativeTarget;
			buildConfigurationList = CCDAAB4419D6083600B1DD54 /* Build configuration list for PBXNativeTarget "fluid" */;
			buildPhases = (
				CCDAAB1D19D6083600B1DD54 /* Sources */,
				CCDAAB1E19D6083600B1DD54 /* Frameworks */,
				CCDAAB1F19D6083600B1DD54 /* Resources */,
			);
			buildRules = (
			);
			dependencies = (
			);
			name = fluid;
			productName = fluid;
			productReference = CCDAAB2119D6083600B1DD54 /* fluid.app */;
			productType = "com.apple.product-type.application";
		};
		CCDAAB3919D6083600B1DD54 /* fluidTests */ = {
			isa = PBXNativeTarget;
			buildConfigurationList = CCDAAB4719D6083600B1DD54 /* Build configuration list for PBXNativeTarget "fluidTests" */;
			buildPhases = (
				2D8BBFE2AF1B40A59EF8CEC1 /* Check Pods Manifest.lock */,
				CCDAAB3619D6083600B1DD54 /* Sources */,
				CCDAAB3719D6083600B1DD54 /* Frameworks */,
				CCDAAB3819D6083600B1DD54 /* Resources */,
				F1F78CD9ED26468AABCC936C /* Copy Pods Resources */,
			);
			buildRules = (
			);
			dependencies = (
				CCDAAB3C19D6083600B1DD54 /* PBXTargetDependency */,
			);
			name = fluidTests;
			productName = fluidTests;
			productReference = CCDAAB3A19D6083600B1DD54 /* fluidTests.xctest */;
			productType = "com.apple.product-type.bundle.unit-test";
		};
/* End PBXNativeTarget section */

/* Begin PBXProject section */
		CCDAAB1919D6083600B1DD54 /* Project object */ = {
			isa = PBXProject;
			attributes = {
				LastUpgradeCheck = 0600;
				ORGANIZATIONNAME = "Venkat Palivela";
				TargetAttributes = {
					CCDAAB2019D6083600B1DD54 = {
						CreatedOnToolsVersion = 6.0.1;
					};
					CCDAAB3919D6083600B1DD54 = {
						CreatedOnToolsVersion = 6.0.1;
						TestTargetID = CCDAAB2019D6083600B1DD54;
					};
				};
			};
			buildConfigurationList = CCDAAB1C19D6083600B1DD54 /* Build configuration list for PBXProject "fluid" */;
			compatibilityVersion = "Xcode 3.2";
			developmentRegion = English;
			hasScannedForEncodings = 0;
			knownRegions = (
				en,
				Base,
			);
			mainGroup = CCDAAB1819D6083600B1DD54;
			productRefGroup = CCDAAB2219D6083600B1DD54 /* Products */;
			projectDirPath = "";
			projectRoot = "";
			targets = (
				CCDAAB2019D6083600B1DD54 /* fluid */,
				CCDAAB3919D6083600B1DD54 /* fluidTests */,
			);
		};
/* End PBXProject section */

/* Begin PBXResourcesBuildPhase section */
		CCDAAB1F19D6083600B1DD54 /* Resources */ = {
			isa = PBXResourcesBuildPhase;
			buildActionMask = 2147483647;
			files = (
				CCDAAB3019D6083600B1DD54 /* Main.storyboard in Resources */,
				CCDAAB3519D6083600B1DD54 /* LaunchScreen.xib in Resources */,
				CCDAAB3219D6083600B1DD54 /* Images.xcassets in Resources */,
			);
			runOnlyForDeploymentPostprocessing = 0;
		};
		CCDAAB3819D6083600B1DD54 /* Resources */ = {
			isa = PBXResourcesBuildPhase;
			buildActionMask = 2147483647;
			files = (
			);
			runOnlyForDeploymentPostprocessing = 0;
		};
/* End PBXResourcesBuildPhase section */

/* Begin PBXShellScriptBuildPhase section */
		2D8BBFE2AF1B40A59EF8CEC1 /* Check Pods Manifest.lock */ = {
			isa = PBXShellScriptBuildPhase;
			buildActionMask = 2147483647;
			files = (
			);
			inputPaths = (
			);
			name = "Check Pods Manifest.lock";
			outputPaths = (
			);
			runOnlyForDeploymentPostprocessing = 0;
			shellPath = /bin/sh;
			shellScript = "diff \"${PODS_ROOT}/../Podfile.lock\" \"${PODS_ROOT}/Manifest.lock\" > /dev/null\nif [[ $? != 0 ]] ; then\n    cat << EOM\nerror: The sandbox is not in sync with the Podfile.lock. Run 'pod install' or update your CocoaPods installation.\nEOM\n    exit 1\nfi\n";
			showEnvVarsInLog = 0;
		};
		F1F78CD9ED26468AABCC936C /* Copy Pods Resources */ = {
			isa = PBXShellScriptBuildPhase;
			buildActionMask = 2147483647;
			files = (
			);
			inputPaths = (
			);
			name = "Copy Pods Resources";
			outputPaths = (
			);
			runOnlyForDeploymentPostprocessing = 0;
			shellPath = /bin/sh;
			shellScript = "\"${SRCROOT}/Pods/Pods-fluidTests-resources.sh\"\n";
			showEnvVarsInLog = 0;
		};
/* End PBXShellScriptBuildPhase section */

/* Begin PBXSourcesBuildPhase section */
		CCDAAB1D19D6083600B1DD54 /* Sources */ = {
			isa = PBXSourcesBuildPhase;
			buildActionMask = 2147483647;
			files = (
				CCDAAB2D19D6083600B1DD54 /* ViewController.m in Sources */,
				CCAB4FF319E6BC6200E58172 /* Calculator.swift in Sources */,
				CCDAAB2A19D6083600B1DD54 /* AppDelegate.m in Sources */,
				CCDAAB2719D6083600B1DD54 /* main.m in Sources */,
			);
			runOnlyForDeploymentPostprocessing = 0;
		};
		CCDAAB3619D6083600B1DD54 /* Sources */ = {
			isa = PBXSourcesBuildPhase;
			buildActionMask = 2147483647;
			files = (
				CC0689C119D60C1D00941A50 /* firstSpec.m in Sources */,
			);
			runOnlyForDeploymentPostprocessing = 0;
		};
/* End PBXSourcesBuildPhase section */

/* Begin PBXTargetDependency section */
		CCDAAB3C19D6083600B1DD54 /* PBXTargetDependency */ = {
			isa = PBXTargetDependency;
			target = CCDAAB2019D6083600B1DD54 /* fluid */;
			targetProxy = CCDAAB3B19D6083600B1DD54 /* PBXContainerItemProxy */;
		};
/* End PBXTargetDependency section */

/* Begin PBXVariantGroup section */
		CCDAAB2E19D6083600B1DD54 /* Main.storyboard */ = {
			isa = PBXVariantGroup;
			children = (
				CCDAAB2F19D6083600B1DD54 /* Base */,
			);
			name = Main.storyboard;
			sourceTree = "<group>";
		};
		CCDAAB3319D6083600B1DD54 /* LaunchScreen.xib */ = {
			isa = PBXVariantGroup;
			children = (
				CCDAAB3419D6083600B1DD54 /* Base */,
			);
			name = LaunchScreen.xib;
			sourceTree = "<group>";
		};
/* End PBXVariantGroup section */

/* Begin XCBuildConfiguration section */
		CCDAAB4219D6083600B1DD54 /* Debug */ = {
			isa = XCBuildConfiguration;
			buildSettings = {
				ALWAYS_SEARCH_USER_PATHS = NO;
				CLANG_CXX_LANGUAGE_STANDARD = "gnu++0x";
				CLANG_CXX_LIBRARY = "libc++";
				CLANG_ENABLE_MODULES = YES;
				CLANG_ENABLE_OBJC_ARC = YES;
				CLANG_WARN_BOOL_CONVERSION = YES;
				CLANG_WARN_CONSTANT_CONVERSION = YES;
				CLANG_WARN_DIRECT_OBJC_ISA_USAGE = YES_ERROR;
				CLANG_WARN_EMPTY_BODY = YES;
				CLANG_WARN_ENUM_CONVERSION = YES;
				CLANG_WARN_INT_CONVERSION = YES;
				CLANG_WARN_OBJC_ROOT_CLASS = YES_ERROR;
				CLANG_WARN_UNREACHABLE_CODE = YES;
				CLANG_WARN__DUPLICATE_METHOD_MATCH = YES;
				"CODE_SIGN_IDENTITY[sdk=iphoneos*]" = "iPhone Developer";
				COPY_PHASE_STRIP = NO;
				ENABLE_STRICT_OBJC_MSGSEND = YES;
				GCC_C_LANGUAGE_STANDARD = gnu99;
				GCC_DYNAMIC_NO_PIC = NO;
				GCC_OPTIMIZATION_LEVEL = 0;
				GCC_PREPROCESSOR_DEFINITIONS = (
					"DEBUG=1",
					"$(inherited)",
				);
				GCC_SYMBOLS_PRIVATE_EXTERN = NO;
				GCC_WARN_64_TO_32_BIT_CONVERSION = YES;
				GCC_WARN_ABOUT_RETURN_TYPE = YES_ERROR;
				GCC_WARN_UNDECLARED_SELECTOR = YES;
				GCC_WARN_UNINITIALIZED_AUTOS = YES_AGGRESSIVE;
				GCC_WARN_UNUSED_FUNCTION = YES;
				GCC_WARN_UNUSED_VARIABLE = YES;
				IPHONEOS_DEPLOYMENT_TARGET = 8.0;
				MTL_ENABLE_DEBUG_INFO = YES;
				ONLY_ACTIVE_ARCH = YES;
				SDKROOT = iphoneos;
				TARGETED_DEVICE_FAMILY = "1,2";
			};
			name = Debug;
		};
		CCDAAB4319D6083600B1DD54 /* Release */ = {
			isa = XCBuildConfiguration;
			buildSettings = {
				ALWAYS_SEARCH_USER_PATHS = NO;
				CLANG_CXX_LANGUAGE_STANDARD = "gnu++0x";
				CLANG_CXX_LIBRARY = "libc++";
				CLANG_ENABLE_MODULES = YES;
				CLANG_ENABLE_OBJC_ARC = YES;
				CLANG_WARN_BOOL_CONVERSION = YES;
				CLANG_WARN_CONSTANT_CONVERSION = YES;
				CLANG_WARN_DIRECT_OBJC_ISA_USAGE = YES_ERROR;
				CLANG_WARN_EMPTY_BODY = YES;
				CLANG_WARN_ENUM_CONVERSION = YES;
				CLANG_WARN_INT_CONVERSION = YES;
				CLANG_WARN_OBJC_ROOT_CLASS = YES_ERROR;
				CLANG_WARN_UNREACHABLE_CODE = YES;
				CLANG_WARN__DUPLICATE_METHOD_MATCH = YES;
				"CODE_SIGN_IDENTITY[sdk=iphoneos*]" = "iPhone Developer";
				COPY_PHASE_STRIP = YES;
				ENABLE_NS_ASSERTIONS = NO;
				ENABLE_STRICT_OBJC_MSGSEND = YES;
				GCC_C_LANGUAGE_STANDARD = gnu99;
				GCC_WARN_64_TO_32_BIT_CONVERSION = YES;
				GCC_WARN_ABOUT_RETURN_TYPE = YES_ERROR;
				GCC_WARN_UNDECLARED_SELECTOR = YES;
				GCC_WARN_UNINITIALIZED_AUTOS = YES_AGGRESSIVE;
				GCC_WARN_UNUSED_FUNCTION = YES;
				GCC_WARN_UNUSED_VARIABLE = YES;
				IPHONEOS_DEPLOYMENT_TARGET = 8.0;
				MTL_ENABLE_DEBUG_INFO = NO;
				SDKROOT = iphoneos;
				TARGETED_DEVICE_FAMILY = "1,2";
				VALIDATE_PRODUCT = YES;
			};
			name = Release;
		};
		CCDAAB4519D6083600B1DD54 /* Debug */ = {
			isa = XCBuildConfiguration;
			buildSettings = {
				ASSETCATALOG_COMPILER_APPICON_NAME = AppIcon;
				CLANG_ENABLE_MODULES = YES;
				DEFINES_MODULE = YES;
				INFOPLIST_FILE = fluid/Info.plist;
				LD_RUNPATH_SEARCH_PATHS = "$(inherited) @executable_path/Frameworks";
				PRODUCT_NAME = "$(TARGET_NAME)";
				SWIFT_OBJC_BRIDGING_HEADER = "fluid/fluid-Bridging-Header.h";
				SWIFT_OPTIMIZATION_LEVEL = "-Onone";
			};
			name = Debug;
		};
		CCDAAB4619D6083600B1DD54 /* Release */ = {
			isa = XCBuildConfiguration;
			buildSettings = {
				ASSETCATALOG_COMPILER_APPICON_NAME = AppIcon;
				CLANG_ENABLE_MODULES = YES;
				DEFINES_MODULE = YES;
				INFOPLIST_FILE = fluid/Info.plist;
				LD_RUNPATH_SEARCH_PATHS = "$(inherited) @executable_path/Frameworks";
				PRODUCT_NAME = "$(TARGET_NAME)";
				SWIFT_OBJC_BRIDGING_HEADER = "fluid/fluid-Bridging-Header.h";
			};
			name = Release;
		};
		CCDAAB4819D6083600B1DD54 /* Debug */ = {
			isa = XCBuildConfiguration;
			baseConfigurationReference = 394965FC331443B788366D4E /* Pods-fluidTests.xcconfig */;
			buildSettings = {
				BUNDLE_LOADER = "$(TEST_HOST)";
				FRAMEWORK_SEARCH_PATHS = (
					"$(SDKROOT)/Developer/Library/Frameworks",
					"$(inherited)",
				);
				GCC_PREPROCESSOR_DEFINITIONS = (
					"DEBUG=1",
					"$(inherited)",
				);
				INFOPLIST_FILE = fluidTests/Info.plist;
				LD_RUNPATH_SEARCH_PATHS = "$(inherited) @executable_path/Frameworks @loader_path/Frameworks";
				PRODUCT_NAME = "$(TARGET_NAME)";
				TEST_HOST = "$(BUILT_PRODUCTS_DIR)/fluid.app/fluid";
			};
			name = Debug;
		};
		CCDAAB4919D6083600B1DD54 /* Release */ = {
			isa = XCBuildConfiguration;
			baseConfigurationReference = 394965FC331443B788366D4E /* Pods-fluidTests.xcconfig */;
			buildSettings = {
				BUNDLE_LOADER = "$(TEST_HOST)";
				FRAMEWORK_SEARCH_PATHS = (
					"$(SDKROOT)/Developer/Library/Frameworks",
					"$(inherited)",
				);
				INFOPLIST_FILE = fluidTests/Info.plist;
				LD_RUNPATH_SEARCH_PATHS = "$(inherited) @executable_path/Frameworks @loader_path/Frameworks";
				PRODUCT_NAME = "$(TARGET_NAME)";
				TEST_HOST = "$(BUILT_PRODUCTS_DIR)/fluid.app/fluid";
			};
			name = Release;
		};
/* End XCBuildConfiguration section */

/* Begin XCConfigurationList section */
		CCDAAB1C19D6083600B1DD54 /* Build configuration list for PBXProject "fluid" */ = {
			isa = XCConfigurationList;
			buildConfigurations = (
				CCDAAB4219D6083600B1DD54 /* Debug */,
				CCDAAB4319D6083600B1DD54 /* Release */,
			);
			defaultConfigurationIsVisible = 0;
			defaultConfigurationName = Release;
		};
		CCDAAB4419D6083600B1DD54 /* Build configuration list for PBXNativeTarget "fluid" */ = {
			isa = XCConfigurationList;
			buildConfigurations = (
				CCDAAB4519D6083600B1DD54 /* Debug */,
				CCDAAB4619D6083600B1DD54 /* Release */,
			);
			defaultConfigurationIsVisible = 0;
			defaultConfigurationName = Release;
		};
		CCDAAB4719D6083600B1DD54 /* Build configuration list for PBXNativeTarget "fluidTests" */ = {
			isa = XCConfigurationList;
			buildConfigurations = (
				CCDAAB4819D6083600B1DD54 /* Debug */,
				CCDAAB4919D6083600B1DD54 /* Release */,
			);
			defaultConfigurationIsVisible = 0;
			defaultConfigurationName = Release;
		};
/* End XCConfigurationList section */
	};
	rootObject = CCDAAB1919D6083600B1DD54 /* Project object */;
}
